{
    "_meta": {
        "hash": {
            "sha256": "a51b3005a4bb3233262749d04ea6d6045a55a57c09fa3cfd1c3b319d761324b3"
        },
        "pipfile-spec": 6,
        "requires": {
            "python_version": "3"
        },
        "sources": [
            {
                "name": "pypi",
                "url": "https://pypi.org/simple",
                "verify_ssl": true
            }
        ]
    },
    "default": {
        "playsound": {
            "hashes": [
                "sha256:1e83750a5325cbccee03d6e751ba3e78c037ac95b95a3ba1f38d0c5aca9e1a34"
            ],
            "index": "pypi",
            "version": "==1.2.2"
        }
    },
    "develop": {}
}
